
Microsoft Visual Studio Solution File, Format Version 12.00
# Visual Studio 15
VisualStudioVersion = 15.0.28307.1684
MinimumVisualStudioVersion = 10.0.40219.1
Project("{FAE04EC0-301F-11D3-BF4B-00C04F79EFBC}") = "ToDoAPI.API", "ToDoAPI.API\ToDoAPI.API.csproj", "{B9A1B4B0-26A0-46F1-8316-D8AAA50F5F7A}"
EndProject
Project("{FAE04EC0-301F-11D3-BF4B-00C04F79EFBC}") = "ToDoAPI.DATA.EF", "ToDoAPI.DATA.EF\ToDoAPI.DATA.EF.csproj", "{BCDD1E53-A661-404A-9F0A-056C0E8993BA}"
EndProject
Global
	GlobalSection(SolutionConfigurationPlatforms) = preSolution
		Debug|Any CPU = Debug|Any CPU
		Release|Any CPU = Release|Any CPU
	EndGlobalSection
	GlobalSection(ProjectConfigurationPlatforms) = postSolution
		{B9A1B4B0-26A0-46F1-8316-D8AAA50F5F7A}.Debug|Any CPU.ActiveCfg = Debug|Any CPU
		{B9A1B4B0-26A0-46F1-8316-D8AAA50F5F7A}.Debug|Any CPU.Build.0 = Debug|Any CPU
		{B9A1B4B0-26A0-46F1-8316-D8AAA50F5F7A}.Release|Any CPU.ActiveCfg = Release|Any CPU
		{B9A1B4B0-26A0-46F1-8316-D8AAA50F5F7A}.Release|Any CPU.Build.0 = Release|Any CPU
		{BCDD1E53-A661-404A-9F0A-056C0E8993BA}.Debug|Any CPU.ActiveCfg = Debug|Any CPU
		{BCDD1E53-A661-404A-9F0A-056C0E8993BA}.Debug|Any CPU.Build.0 = Debug|Any CPU
		{BCDD1E53-A661-404A-9F0A-056C0E8993BA}.Release|Any CPU.ActiveCfg = Release|Any CPU
		{BCDD1E53-A661-404A-9F0A-056C0E8993BA}.Release|Any CPU.Build.0 = Release|Any CPU
	EndGlobalSection
	GlobalSection(SolutionProperties) = preSolution
		HideSolutionNode = FALSE
	EndGlobalSection
	GlobalSection(ExtensibilityGlobals) = postSolution
		SolutionGuid = {C755AEC4-00DC-443B-A049-8D831A7B5657}
	EndGlobalSection
EndGlobal
